Microsoft Visual Studio Solution File, Format Version 12.00
# Visual Studio 2013
Project("{8BC9CEB8-8B4A-11D0-8D11-00A0C91BC942}") = "SkeletonProj", "SkeletonProj.vcxproj", "{114F1754-9162-37DC-A585-0DADC5F98E57}"
	ProjectSection(ProjectDependencies) = postProject
		{CCF94977-7EDB-35A0-B890-7C1A758EDC22} = {CCF94977-7EDB-35A0-B890-7C1A758EDC22}
	EndProjectSection
EndProject
Project("{8BC9CEB8-8B4A-11D0-8D11-00A0C91BC942}") = "ALL_BUILD", "ALL_BUILD.vcxproj", "{C867E362-881A-3641-9D71-D20240E99556}"
	ProjectSection(ProjectDependencies) = postProject
		{114F1754-9162-37DC-A585-0DADC5F98E57} = {114F1754-9162-37DC-A585-0DADC5F98E57}
		{CCF94977-7EDB-35A0-B890-7C1A758EDC22} = {CCF94977-7EDB-35A0-B890-7C1A758EDC22}
	EndProjectSection
EndProject
Project("{8BC9CEB8-8B4A-11D0-8D11-00A0C91BC942}") = "ZERO_CHECK", "ZERO_CHECK.vcxproj", "{CCF94977-7EDB-35A0-B890-7C1A758EDC22}"
	ProjectSection(ProjectDependencies) = postProject
	EndProjectSection
EndProject
Global
	GlobalSection(SolutionConfigurationPlatforms) = preSolution
		Debug|x64 = Debug|x64
		Release|x64 = Release|x64
		MinSizeRel|x64 = MinSizeRel|x64
		RelWithDebInfo|x64 = RelWithDebInfo|x64
	EndGlobalSection
	GlobalSection(ProjectConfigurationPlatforms) = postSolution
		{114F1754-9162-37DC-A585-0DADC5F98E57}.Debug|x64.ActiveCfg = Debug|x64
		{114F1754-9162-37DC-A585-0DADC5F98E57}.Debug|x64.Build.0 = Debug|x64
		{114F1754-9162-37DC-A585-0DADC5F98E57}.Release|x64.ActiveCfg = Release|x64
		{114F1754-9162-37DC-A585-0DADC5F98E57}.Release|x64.Build.0 = Release|x64
		{114F1754-9162-37DC-A585-0DADC5F98E57}.MinSizeRel|x64.ActiveCfg = MinSizeRel|x64
		{114F1754-9162-37DC-A585-0DADC5F98E57}.MinSizeRel|x64.Build.0 = MinSizeRel|x64
		{114F1754-9162-37DC-A585-0DADC5F98E57}.RelWithDebInfo|x64.ActiveCfg = RelWithDebInfo|x64
		{114F1754-9162-37DC-A585-0DADC5F98E57}.RelWithDebInfo|x64.Build.0 = RelWithDebInfo|x64
		{C867E362-881A-3641-9D71-D20240E99556}.Debug|x64.ActiveCfg = Debug|x64
		{C867E362-881A-3641-9D71-D20240E99556}.Release|x64.ActiveCfg = Release|x64
		{C867E362-881A-3641-9D71-D20240E99556}.MinSizeRel|x64.ActiveCfg = MinSizeRel|x64
		{C867E362-881A-3641-9D71-D20240E99556}.RelWithDebInfo|x64.ActiveCfg = RelWithDebInfo|x64
		{CCF94977-7EDB-35A0-B890-7C1A758EDC22}.Debug|x64.ActiveCfg = Debug|x64
		{CCF94977-7EDB-35A0-B890-7C1A758EDC22}.Debug|x64.Build.0 = Debug|x64
		{CCF94977-7EDB-35A0-B890-7C1A758EDC22}.Release|x64.ActiveCfg = Release|x64
		{CCF94977-7EDB-35A0-B890-7C1A758EDC22}.Release|x64.Build.0 = Release|x64
		{CCF94977-7EDB-35A0-B890-7C1A758EDC22}.MinSizeRel|x64.ActiveCfg = MinSizeRel|x64
		{CCF94977-7EDB-35A0-B890-7C1A758EDC22}.MinSizeRel|x64.Build.0 = MinSizeRel|x64
		{CCF94977-7EDB-35A0-B890-7C1A758EDC22}.RelWithDebInfo|x64.ActiveCfg = RelWithDebInfo|x64
		{CCF94977-7EDB-35A0-B890-7C1A758EDC22}.RelWithDebInfo|x64.Build.0 = RelWithDebInfo|x64
	EndGlobalSection
	GlobalSection(ExtensibilityGlobals) = postSolution
	EndGlobalSection
	GlobalSection(ExtensibilityAddIns) = postSolution
	EndGlobalSection
EndGlobal
